
Microsoft Visual Studio Solution File, Format Version 12.00
# Visual Studio Version 16
VisualStudioVersion = 16.0.33529.622
MinimumVisualStudioVersion = 10.0.40219.1
Project("{FAE04EC0-301F-11D3-BF4B-00C04F79EFBC}") = "WebApplication7", "WebApplication7\WebApplication7.csproj", "{64AA0C18-CE54-4160-85FC-DC421B489DDE}"
EndProject
Global
	GlobalSection(SolutionConfigurationPlatforms) = preSolution
		Debug|Any CPU = Debug|Any CPU
		Release|Any CPU = Release|Any CPU
	EndGlobalSection
	GlobalSection(ProjectConfigurationPlatforms) = postSolution
		{64AA0C18-CE54-4160-85FC-DC421B489DDE}.Debug|Any CPU.ActiveCfg = Debug|Any CPU
		{64AA0C18-CE54-4160-85FC-DC421B489DDE}.Debug|Any CPU.Build.0 = Debug|Any CPU
		{64AA0C18-CE54-4160-85FC-DC421B489DDE}.Release|Any CPU.ActiveCfg = Release|Any CPU
		{64AA0C18-CE54-4160-85FC-DC421B489DDE}.Release|Any CPU.Build.0 = Release|Any CPU
	EndGlobalSection
	GlobalSection(SolutionProperties) = preSolution
		HideSolutionNode = FALSE
	EndGlobalSection
	GlobalSection(ExtensibilityGlobals) = postSolution
		SolutionGuid = {E009BE4A-2CBB-4EB7-8C7F-4A2802586A9E}
	EndGlobalSection
EndGlobal
